
Microsoft Visual Studio Solution File, Format Version 12.00
# Visual Studio 15
VisualStudioVersion = 15.0.27703.2035
MinimumVisualStudioVersion = 10.0.40219.1
Project("{FAE04EC0-301F-11D3-BF4B-00C04F79EFBC}") = "homework5", "homework5\homework5.csproj", "{CE8C710D-468D-487B-9715-328080D36BFE}"
EndProject
Project("{FAE04EC0-301F-11D3-BF4B-00C04F79EFBC}") = "topic2", "topic2\topic2.csproj", "{2F395249-3850-4950-9671-35974E6B686D}"
EndProject
Global
	GlobalSection(SolutionConfigurationPlatforms) = preSolution
		Debug|Any CPU = Debug|Any CPU
		Release|Any CPU = Release|Any CPU
	EndGlobalSection
	GlobalSection(ProjectConfigurationPlatforms) = postSolution
		{CE8C710D-468D-487B-9715-328080D36BFE}.Debug|Any CPU.ActiveCfg = Debug|Any CPU
		{CE8C710D-468D-487B-9715-328080D36BFE}.Debug|Any CPU.Build.0 = Debug|Any CPU
		{CE8C710D-468D-487B-9715-328080D36BFE}.Release|Any CPU.ActiveCfg = Release|Any CPU
		{CE8C710D-468D-487B-9715-328080D36BFE}.Release|Any CPU.Build.0 = Release|Any CPU
		{2F395249-3850-4950-9671-35974E6B686D}.Debug|Any CPU.ActiveCfg = Debug|Any CPU
		{2F395249-3850-4950-9671-35974E6B686D}.Debug|Any CPU.Build.0 = Debug|Any CPU
		{2F395249-3850-4950-9671-35974E6B686D}.Release|Any CPU.ActiveCfg = Release|Any CPU
		{2F395249-3850-4950-9671-35974E6B686D}.Release|Any CPU.Build.0 = Release|Any CPU
	EndGlobalSection
	GlobalSection(SolutionProperties) = preSolution
		HideSolutionNode = FALSE
	EndGlobalSection
	GlobalSection(ExtensibilityGlobals) = postSolution
		SolutionGuid = {258DEECB-44F7-47D0-865C-26EAFED4C061}
	EndGlobalSection
EndGlobal
