
Microsoft Visual Studio Solution File, Format Version 12.00
# Visual Studio 15
VisualStudioVersion = 15.0.27703.2035
MinimumVisualStudioVersion = 10.0.40219.1
Project("{FAE04EC0-301F-11D3-BF4B-00C04F79EFBC}") = "HomeworkFour", "HomeworkFour\HomeworkFour.csproj", "{66B47F74-0989-4AA6-A1C3-AA5288611490}"
EndProject
Project("{FAE04EC0-301F-11D3-BF4B-00C04F79EFBC}") = "topic2", "topic2\topic2.csproj", "{2E2DFBBB-C5DD-42AD-BD4C-DC6B56D0BF59}"
EndProject
Global
	GlobalSection(SolutionConfigurationPlatforms) = preSolution
		Debug|Any CPU = Debug|Any CPU
		Release|Any CPU = Release|Any CPU
	EndGlobalSection
	GlobalSection(ProjectConfigurationPlatforms) = postSolution
		{66B47F74-0989-4AA6-A1C3-AA5288611490}.Debug|Any CPU.ActiveCfg = Debug|Any CPU
		{66B47F74-0989-4AA6-A1C3-AA5288611490}.Debug|Any CPU.Build.0 = Debug|Any CPU
		{66B47F74-0989-4AA6-A1C3-AA5288611490}.Release|Any CPU.ActiveCfg = Release|Any CPU
		{66B47F74-0989-4AA6-A1C3-AA5288611490}.Release|Any CPU.Build.0 = Release|Any CPU
		{2E2DFBBB-C5DD-42AD-BD4C-DC6B56D0BF59}.Debug|Any CPU.ActiveCfg = Debug|Any CPU
		{2E2DFBBB-C5DD-42AD-BD4C-DC6B56D0BF59}.Debug|Any CPU.Build.0 = Debug|Any CPU
		{2E2DFBBB-C5DD-42AD-BD4C-DC6B56D0BF59}.Release|Any CPU.ActiveCfg = Release|Any CPU
		{2E2DFBBB-C5DD-42AD-BD4C-DC6B56D0BF59}.Release|Any CPU.Build.0 = Release|Any CPU
	EndGlobalSection
	GlobalSection(SolutionProperties) = preSolution
		HideSolutionNode = FALSE
	EndGlobalSection
	GlobalSection(ExtensibilityGlobals) = postSolution
		SolutionGuid = {CF9F3F9C-29B4-4B14-B739-BEED250537B3}
	EndGlobalSection
EndGlobal
