
Microsoft Visual Studio Solution File, Format Version 12.00
# Visual Studio 15
VisualStudioVersion = 15.0.27703.2035
MinimumVisualStudioVersion = 10.0.40219.1
Project("{FAE04EC0-301F-11D3-BF4B-00C04F79EFBC}") = "topic 6", "homework2\topic 6.csproj", "{863F4606-B42D-4E9F-BF2F-2CE3B905B346}"
EndProject
Project("{FAE04EC0-301F-11D3-BF4B-00C04F79EFBC}") = "topic 7", "topic 7\topic 7.csproj", "{46B75C43-C344-431E-A30A-D8428A05FAD6}"
EndProject
Project("{FAE04EC0-301F-11D3-BF4B-00C04F79EFBC}") = "topic 9", "topic 9\topic 9.csproj", "{3D988DBA-8F50-45F0-913A-6542819EDC54}"
EndProject
Global
	GlobalSection(SolutionConfigurationPlatforms) = preSolution
		Debug|Any CPU = Debug|Any CPU
		Release|Any CPU = Release|Any CPU
	EndGlobalSection
	GlobalSection(ProjectConfigurationPlatforms) = postSolution
		{863F4606-B42D-4E9F-BF2F-2CE3B905B346}.Debug|Any CPU.ActiveCfg = Debug|Any CPU
		{863F4606-B42D-4E9F-BF2F-2CE3B905B346}.Debug|Any CPU.Build.0 = Debug|Any CPU
		{863F4606-B42D-4E9F-BF2F-2CE3B905B346}.Release|Any CPU.ActiveCfg = Release|Any CPU
		{863F4606-B42D-4E9F-BF2F-2CE3B905B346}.Release|Any CPU.Build.0 = Release|Any CPU
		{46B75C43-C344-431E-A30A-D8428A05FAD6}.Debug|Any CPU.ActiveCfg = Debug|Any CPU
		{46B75C43-C344-431E-A30A-D8428A05FAD6}.Debug|Any CPU.Build.0 = Debug|Any CPU
		{46B75C43-C344-431E-A30A-D8428A05FAD6}.Release|Any CPU.ActiveCfg = Release|Any CPU
		{46B75C43-C344-431E-A30A-D8428A05FAD6}.Release|Any CPU.Build.0 = Release|Any CPU
		{3D988DBA-8F50-45F0-913A-6542819EDC54}.Debug|Any CPU.ActiveCfg = Debug|Any CPU
		{3D988DBA-8F50-45F0-913A-6542819EDC54}.Debug|Any CPU.Build.0 = Debug|Any CPU
		{3D988DBA-8F50-45F0-913A-6542819EDC54}.Release|Any CPU.ActiveCfg = Release|Any CPU
		{3D988DBA-8F50-45F0-913A-6542819EDC54}.Release|Any CPU.Build.0 = Release|Any CPU
	EndGlobalSection
	GlobalSection(SolutionProperties) = preSolution
		HideSolutionNode = FALSE
	EndGlobalSection
	GlobalSection(ExtensibilityGlobals) = postSolution
		SolutionGuid = {401E91DB-ECFD-4181-ACE6-C3A4B2092577}
	EndGlobalSection
EndGlobal
